
Microsoft Visual Studio Solution File, Format Version 12.00
# Visual Studio Version 17
VisualStudioVersion = 17.13.36105.23 d17.13
MinimumVisualStudioVersion = 10.0.40219.1
Project("{FAE04EC0-301F-11D3-BF4B-00C04F79EFBC}") = "oneko", "oneko.csproj", "{70F352CE-E34B-4015-A5C5-6FD529354683}"
EndProject
Global
	GlobalSection(SolutionConfigurationPlatforms) = preSolution
		Debug|Any CPU = Debug|Any CPU
		Release|Any CPU = Release|Any CPU
	EndGlobalSection
	GlobalSection(ProjectConfigurationPlatforms) = postSolution
		{70F352CE-E34B-4015-A5C5-6FD529354683}.Debug|Any CPU.ActiveCfg = Debug|Any CPU
		{70F352CE-E34B-4015-A5C5-6FD529354683}.Debug|Any CPU.Build.0 = Debug|Any CPU
		{70F352CE-E34B-4015-A5C5-6FD529354683}.Release|Any CPU.ActiveCfg = Release|Any CPU
		{70F352CE-E34B-4015-A5C5-6FD529354683}.Release|Any CPU.Build.0 = Release|Any CPU
	EndGlobalSection
	GlobalSection(SolutionProperties) = preSolution
		HideSolutionNode = FALSE
	EndGlobalSection
	GlobalSection(ExtensibilityGlobals) = postSolution
		SolutionGuid = {F66DE45F-C18C-4CE7-B44B-63C5F6B83975}
	EndGlobalSection
EndGlobal
